
Microsoft Visual Studio Solution File, Format Version 12.00
# Visual Studio Version 16
VisualStudioVersion = 16.0.33328.57
MinimumVisualStudioVersion = 10.0.40219.1
Project("{FAE04EC0-301F-11D3-BF4B-00C04F79EFBC}") = "зд на файлы 1", "зд на файлы 1\зд на файлы 1.csproj", "{AEA5350F-F138-4759-B529-812FF406B35D}"
EndProject
Global
	GlobalSection(SolutionConfigurationPlatforms) = preSolution
		Debug|Any CPU = Debug|Any CPU
		Release|Any CPU = Release|Any CPU
	EndGlobalSection
	GlobalSection(ProjectConfigurationPlatforms) = postSolution
		{AEA5350F-F138-4759-B529-812FF406B35D}.Debug|Any CPU.ActiveCfg = Debug|Any CPU
		{AEA5350F-F138-4759-B529-812FF406B35D}.Debug|Any CPU.Build.0 = Debug|Any CPU
		{AEA5350F-F138-4759-B529-812FF406B35D}.Release|Any CPU.ActiveCfg = Release|Any CPU
		{AEA5350F-F138-4759-B529-812FF406B35D}.Release|Any CPU.Build.0 = Release|Any CPU
	EndGlobalSection
	GlobalSection(SolutionProperties) = preSolution
		HideSolutionNode = FALSE
	EndGlobalSection
	GlobalSection(ExtensibilityGlobals) = postSolution
		SolutionGuid = {8409C4D5-362D-4347-97D8-7E2FC81CE537}
	EndGlobalSection
EndGlobal
